
Microsoft Visual Studio Solution File, Format Version 12.00
# Visual Studio Version 17
VisualStudioVersion = 17.6.33829.357
MinimumVisualStudioVersion = 10.0.40219.1
Project("{FAE04EC0-301F-11D3-BF4B-00C04F79EFBC}") = "MovieManagement.API", "MovieManagement.API\MovieManagement.API.csproj", "{7DD9C0F2-AE4B-464A-BE31-8A611F24A2B9}"
EndProject
Project("{FAE04EC0-301F-11D3-BF4B-00C04F79EFBC}") = "MovieManagement.Domain", "MovieManagement.Domain\MovieManagement.Domain.csproj", "{0437C867-5389-465F-B0A7-36D30698D7F4}"
EndProject
Project("{FAE04EC0-301F-11D3-BF4B-00C04F79EFBC}") = "MovieManagement.DataAccess", "MovieManagement.DataAccess\MovieManagement.DataAccess.csproj", "{D4A0C02D-08D9-4E0A-90E7-9A954958E89A}"
EndProject
Global
	GlobalSection(SolutionConfigurationPlatforms) = preSolution
		Debug|Any CPU = Debug|Any CPU
		Release|Any CPU = Release|Any CPU
	EndGlobalSection
	GlobalSection(ProjectConfigurationPlatforms) = postSolution
		{7DD9C0F2-AE4B-464A-BE31-8A611F24A2B9}.Debug|Any CPU.ActiveCfg = Debug|Any CPU
		{7DD9C0F2-AE4B-464A-BE31-8A611F24A2B9}.Debug|Any CPU.Build.0 = Debug|Any CPU
		{7DD9C0F2-AE4B-464A-BE31-8A611F24A2B9}.Release|Any CPU.ActiveCfg = Release|Any CPU
		{7DD9C0F2-AE4B-464A-BE31-8A611F24A2B9}.Release|Any CPU.Build.0 = Release|Any CPU
		{0437C867-5389-465F-B0A7-36D30698D7F4}.Debug|Any CPU.ActiveCfg = Debug|Any CPU
		{0437C867-5389-465F-B0A7-36D30698D7F4}.Debug|Any CPU.Build.0 = Debug|Any CPU
		{0437C867-5389-465F-B0A7-36D30698D7F4}.Release|Any CPU.ActiveCfg = Release|Any CPU
		{0437C867-5389-465F-B0A7-36D30698D7F4}.Release|Any CPU.Build.0 = Release|Any CPU
		{D4A0C02D-08D9-4E0A-90E7-9A954958E89A}.Debug|Any CPU.ActiveCfg = Debug|Any CPU
		{D4A0C02D-08D9-4E0A-90E7-9A954958E89A}.Debug|Any CPU.Build.0 = Debug|Any CPU
		{D4A0C02D-08D9-4E0A-90E7-9A954958E89A}.Release|Any CPU.ActiveCfg = Release|Any CPU
		{D4A0C02D-08D9-4E0A-90E7-9A954958E89A}.Release|Any CPU.Build.0 = Release|Any CPU
	EndGlobalSection
	GlobalSection(SolutionProperties) = preSolution
		HideSolutionNode = FALSE
	EndGlobalSection
	GlobalSection(ExtensibilityGlobals) = postSolution
		SolutionGuid = {D38591AF-6512-49B5-AE6E-2BF94FCCCD8C}
	EndGlobalSection
EndGlobal
